
Microsoft Visual Studio Solution File, Format Version 12.00
# Visual Studio Version 17
VisualStudioVersion = 17.0.31423.177
MinimumVisualStudioVersion = 10.0.40219.1
Project("{8BC9CEB8-8B4A-11D0-8D11-00A0C91BC942}") = "Lab-05", "Lab-05\Lab-05.vcxproj", "{45D51601-1F6A-45D2-9391-A8A961E72981}"
EndProject
Project("{8BC9CEB8-8B4A-11D0-8D11-00A0C91BC942}") = "Lab-05-02", "Lab-05-02\Lab-05-02.vcxproj", "{BFD2D23E-397D-4445-83F7-634FEB9AC240}"
EndProject
Project("{8BC9CEB8-8B4A-11D0-8D11-00A0C91BC942}") = "Lab-05-02x", "Lab-05-02x\Lab-05-02x.vcxproj", "{6B58DBEE-3111-4168-A239-5D3102880054}"
EndProject
Project("{8BC9CEB8-8B4A-11D0-8D11-00A0C91BC942}") = "Lab-05-03", "Lab-05-03\Lab-05-03.vcxproj", "{54D8D040-FDC2-44CE-AE78-CE754D43F88B}"
EndProject
Global
	GlobalSection(SolutionConfigurationPlatforms) = preSolution
		Debug|x64 = Debug|x64
		Debug|x86 = Debug|x86
		Release|x64 = Release|x64
		Release|x86 = Release|x86
	EndGlobalSection
	GlobalSection(ProjectConfigurationPlatforms) = postSolution
		{45D51601-1F6A-45D2-9391-A8A961E72981}.Debug|x64.ActiveCfg = Debug|x64
		{45D51601-1F6A-45D2-9391-A8A961E72981}.Debug|x64.Build.0 = Debug|x64
		{45D51601-1F6A-45D2-9391-A8A961E72981}.Debug|x86.ActiveCfg = Debug|Win32
		{45D51601-1F6A-45D2-9391-A8A961E72981}.Debug|x86.Build.0 = Debug|Win32
		{45D51601-1F6A-45D2-9391-A8A961E72981}.Release|x64.ActiveCfg = Release|x64
		{45D51601-1F6A-45D2-9391-A8A961E72981}.Release|x64.Build.0 = Release|x64
		{45D51601-1F6A-45D2-9391-A8A961E72981}.Release|x86.ActiveCfg = Release|Win32
		{45D51601-1F6A-45D2-9391-A8A961E72981}.Release|x86.Build.0 = Release|Win32
		{BFD2D23E-397D-4445-83F7-634FEB9AC240}.Debug|x64.ActiveCfg = Debug|x64
		{BFD2D23E-397D-4445-83F7-634FEB9AC240}.Debug|x64.Build.0 = Debug|x64
		{BFD2D23E-397D-4445-83F7-634FEB9AC240}.Debug|x86.ActiveCfg = Debug|Win32
		{BFD2D23E-397D-4445-83F7-634FEB9AC240}.Debug|x86.Build.0 = Debug|Win32
		{BFD2D23E-397D-4445-83F7-634FEB9AC240}.Release|x64.ActiveCfg = Release|x64
		{BFD2D23E-397D-4445-83F7-634FEB9AC240}.Release|x64.Build.0 = Release|x64
		{BFD2D23E-397D-4445-83F7-634FEB9AC240}.Release|x86.ActiveCfg = Release|Win32
		{BFD2D23E-397D-4445-83F7-634FEB9AC240}.Release|x86.Build.0 = Release|Win32
		{6B58DBEE-3111-4168-A239-5D3102880054}.Debug|x64.ActiveCfg = Debug|x64
		{6B58DBEE-3111-4168-A239-5D3102880054}.Debug|x64.Build.0 = Debug|x64
		{6B58DBEE-3111-4168-A239-5D3102880054}.Debug|x86.ActiveCfg = Debug|Win32
		{6B58DBEE-3111-4168-A239-5D3102880054}.Debug|x86.Build.0 = Debug|Win32
		{6B58DBEE-3111-4168-A239-5D3102880054}.Release|x64.ActiveCfg = Release|x64
		{6B58DBEE-3111-4168-A239-5D3102880054}.Release|x64.Build.0 = Release|x64
		{6B58DBEE-3111-4168-A239-5D3102880054}.Release|x86.ActiveCfg = Release|Win32
		{6B58DBEE-3111-4168-A239-5D3102880054}.Release|x86.Build.0 = Release|Win32
		{54D8D040-FDC2-44CE-AE78-CE754D43F88B}.Debug|x64.ActiveCfg = Debug|x64
		{54D8D040-FDC2-44CE-AE78-CE754D43F88B}.Debug|x64.Build.0 = Debug|x64
		{54D8D040-FDC2-44CE-AE78-CE754D43F88B}.Debug|x86.ActiveCfg = Debug|Win32
		{54D8D040-FDC2-44CE-AE78-CE754D43F88B}.Debug|x86.Build.0 = Debug|Win32
		{54D8D040-FDC2-44CE-AE78-CE754D43F88B}.Release|x64.ActiveCfg = Release|x64
		{54D8D040-FDC2-44CE-AE78-CE754D43F88B}.Release|x64.Build.0 = Release|x64
		{54D8D040-FDC2-44CE-AE78-CE754D43F88B}.Release|x86.ActiveCfg = Release|Win32
		{54D8D040-FDC2-44CE-AE78-CE754D43F88B}.Release|x86.Build.0 = Release|Win32
	EndGlobalSection
	GlobalSection(SolutionProperties) = preSolution
		HideSolutionNode = FALSE
	EndGlobalSection
	GlobalSection(ExtensibilityGlobals) = postSolution
		SolutionGuid = {B7249328-D0BA-4D23-8CED-3A575F2B16E9}
	EndGlobalSection
EndGlobal
