
Microsoft Visual Studio Solution File, Format Version 12.00
# Visual Studio Version 17
VisualStudioVersion = 17.0.31423.177
MinimumVisualStudioVersion = 10.0.40219.1
Project("{FAE04EC0-301F-11D3-BF4B-00C04F79EFBC}") = "Lab-05-IIS", "Lab-05-IIS.csproj", "{96E6725D-DB8F-493B-A44A-B5A23B472133}"
EndProject
Global
	GlobalSection(SolutionConfigurationPlatforms) = preSolution
		Debug|Any CPU = Debug|Any CPU
		Release|Any CPU = Release|Any CPU
	EndGlobalSection
	GlobalSection(ProjectConfigurationPlatforms) = postSolution
		{96E6725D-DB8F-493B-A44A-B5A23B472133}.Debug|Any CPU.ActiveCfg = Debug|Any CPU
		{96E6725D-DB8F-493B-A44A-B5A23B472133}.Debug|Any CPU.Build.0 = Debug|Any CPU
		{96E6725D-DB8F-493B-A44A-B5A23B472133}.Release|Any CPU.ActiveCfg = Release|Any CPU
		{96E6725D-DB8F-493B-A44A-B5A23B472133}.Release|Any CPU.Build.0 = Release|Any CPU
	EndGlobalSection
	GlobalSection(SolutionProperties) = preSolution
		HideSolutionNode = FALSE
	EndGlobalSection
	GlobalSection(ExtensibilityGlobals) = postSolution
		SolutionGuid = {935EB889-82B9-4765-A12F-9B82AF569873}
	EndGlobalSection
EndGlobal
