
Microsoft Visual Studio Solution File, Format Version 12.00
# Visual Studio Version 16
VisualStudioVersion = 16.0.31129.286
MinimumVisualStudioVersion = 10.0.40219.1
Project("{8BC9CEB8-8B4A-11D0-8D11-00A0C91BC942}") = "LAB_08_01", "..\LAB_08_01\LAB_08_01.vcxproj", "{1550327C-72BF-44AD-A836-C67834BC270B}"
EndProject
Project("{8BC9CEB8-8B4A-11D0-8D11-00A0C91BC942}") = "LAB_08_02", "..\LAB_08_02\LAB_08_02.vcxproj", "{CF71231F-AFAD-4F9F-9410-AFC766C6CF35}"
EndProject
Project("{8BC9CEB8-8B4A-11D0-8D11-00A0C91BC942}") = "LAB_08_03", "..\LAB_08_03\LAB_08_03.vcxproj", "{73592F9D-C2AA-4E29-BD86-07A7E97ECE33}"
EndProject
Project("{8BC9CEB8-8B4A-11D0-8D11-00A0C91BC942}") = "LAB_08_04x", "..\LAB_08_04x\LAB_08_04x.vcxproj", "{9D90DDB7-E15D-4B08-A2D2-3401621AE9CE}"
EndProject
Project("{8BC9CEB8-8B4A-11D0-8D11-00A0C91BC942}") = "LAB_08_04", "..\LAB_08_04\LAB_08_04.vcxproj", "{BDB4580D-DEF4-4422-8C4F-24CBF8251B99}"
EndProject
Global
	GlobalSection(SolutionConfigurationPlatforms) = preSolution
		Debug|x64 = Debug|x64
		Debug|x86 = Debug|x86
		Release|x64 = Release|x64
		Release|x86 = Release|x86
	EndGlobalSection
	GlobalSection(ProjectConfigurationPlatforms) = postSolution
		{1550327C-72BF-44AD-A836-C67834BC270B}.Debug|x64.ActiveCfg = Debug|x64
		{1550327C-72BF-44AD-A836-C67834BC270B}.Debug|x64.Build.0 = Debug|x64
		{1550327C-72BF-44AD-A836-C67834BC270B}.Debug|x86.ActiveCfg = Debug|Win32
		{1550327C-72BF-44AD-A836-C67834BC270B}.Debug|x86.Build.0 = Debug|Win32
		{1550327C-72BF-44AD-A836-C67834BC270B}.Release|x64.ActiveCfg = Release|x64
		{1550327C-72BF-44AD-A836-C67834BC270B}.Release|x64.Build.0 = Release|x64
		{1550327C-72BF-44AD-A836-C67834BC270B}.Release|x86.ActiveCfg = Release|Win32
		{1550327C-72BF-44AD-A836-C67834BC270B}.Release|x86.Build.0 = Release|Win32
		{CF71231F-AFAD-4F9F-9410-AFC766C6CF35}.Debug|x64.ActiveCfg = Debug|x64
		{CF71231F-AFAD-4F9F-9410-AFC766C6CF35}.Debug|x64.Build.0 = Debug|x64
		{CF71231F-AFAD-4F9F-9410-AFC766C6CF35}.Debug|x86.ActiveCfg = Debug|Win32
		{CF71231F-AFAD-4F9F-9410-AFC766C6CF35}.Debug|x86.Build.0 = Debug|Win32
		{CF71231F-AFAD-4F9F-9410-AFC766C6CF35}.Release|x64.ActiveCfg = Release|x64
		{CF71231F-AFAD-4F9F-9410-AFC766C6CF35}.Release|x64.Build.0 = Release|x64
		{CF71231F-AFAD-4F9F-9410-AFC766C6CF35}.Release|x86.ActiveCfg = Release|Win32
		{CF71231F-AFAD-4F9F-9410-AFC766C6CF35}.Release|x86.Build.0 = Release|Win32
		{73592F9D-C2AA-4E29-BD86-07A7E97ECE33}.Debug|x64.ActiveCfg = Debug|x64
		{73592F9D-C2AA-4E29-BD86-07A7E97ECE33}.Debug|x64.Build.0 = Debug|x64
		{73592F9D-C2AA-4E29-BD86-07A7E97ECE33}.Debug|x86.ActiveCfg = Debug|Win32
		{73592F9D-C2AA-4E29-BD86-07A7E97ECE33}.Debug|x86.Build.0 = Debug|Win32
		{73592F9D-C2AA-4E29-BD86-07A7E97ECE33}.Release|x64.ActiveCfg = Release|x64
		{73592F9D-C2AA-4E29-BD86-07A7E97ECE33}.Release|x64.Build.0 = Release|x64
		{73592F9D-C2AA-4E29-BD86-07A7E97ECE33}.Release|x86.ActiveCfg = Release|Win32
		{73592F9D-C2AA-4E29-BD86-07A7E97ECE33}.Release|x86.Build.0 = Release|Win32
		{9D90DDB7-E15D-4B08-A2D2-3401621AE9CE}.Debug|x64.ActiveCfg = Debug|x64
		{9D90DDB7-E15D-4B08-A2D2-3401621AE9CE}.Debug|x64.Build.0 = Debug|x64
		{9D90DDB7-E15D-4B08-A2D2-3401621AE9CE}.Debug|x86.ActiveCfg = Debug|Win32
		{9D90DDB7-E15D-4B08-A2D2-3401621AE9CE}.Debug|x86.Build.0 = Debug|Win32
		{9D90DDB7-E15D-4B08-A2D2-3401621AE9CE}.Release|x64.ActiveCfg = Release|x64
		{9D90DDB7-E15D-4B08-A2D2-3401621AE9CE}.Release|x64.Build.0 = Release|x64
		{9D90DDB7-E15D-4B08-A2D2-3401621AE9CE}.Release|x86.ActiveCfg = Release|Win32
		{9D90DDB7-E15D-4B08-A2D2-3401621AE9CE}.Release|x86.Build.0 = Release|Win32
		{BDB4580D-DEF4-4422-8C4F-24CBF8251B99}.Debug|x64.ActiveCfg = Debug|x64
		{BDB4580D-DEF4-4422-8C4F-24CBF8251B99}.Debug|x64.Build.0 = Debug|x64
		{BDB4580D-DEF4-4422-8C4F-24CBF8251B99}.Debug|x86.ActiveCfg = Debug|Win32
		{BDB4580D-DEF4-4422-8C4F-24CBF8251B99}.Debug|x86.Build.0 = Debug|Win32
		{BDB4580D-DEF4-4422-8C4F-24CBF8251B99}.Release|x64.ActiveCfg = Release|x64
		{BDB4580D-DEF4-4422-8C4F-24CBF8251B99}.Release|x64.Build.0 = Release|x64
		{BDB4580D-DEF4-4422-8C4F-24CBF8251B99}.Release|x86.ActiveCfg = Release|Win32
		{BDB4580D-DEF4-4422-8C4F-24CBF8251B99}.Release|x86.Build.0 = Release|Win32
	EndGlobalSection
	GlobalSection(SolutionProperties) = preSolution
		HideSolutionNode = FALSE
	EndGlobalSection
	GlobalSection(ExtensibilityGlobals) = postSolution
		SolutionGuid = {2261319C-8C72-45E0-B8C7-2FB0C03CD649}
	EndGlobalSection
EndGlobal
